
Microsoft Visual Studio Solution File, Format Version 12.00
# Visual Studio Version 17
VisualStudioVersion = 17.1.32228.430
MinimumVisualStudioVersion = 10.0.40219.1
Project("{2150E333-8FDC-42A3-9474-1A3956D46DE8}") = "Core", "Core", "{2994F7CC-75A6-40E9-9F24-FE66B97E451F}"
EndProject
Project("{2150E333-8FDC-42A3-9474-1A3956D46DE8}") = "Neural_network", "Neural_network", "{73FFFFB0-89EA-42E8-8984-BF57FD5B62FA}"
EndProject
Project("{9A19103F-16F7-4668-BE54-9A1E7A4F7556}") = "Useful_training.Core.Neural_network", "Useful_training.Core.Neural_network.Neuron\Useful_training.Core.Neural_network.csproj", "{623E4970-F91E-4B40-8AB7-1A38DC14AEFA}"
EndProject
Project("{2150E333-8FDC-42A3-9474-1A3956D46DE8}") = "Test", "Test", "{44BE5F6F-D7EF-41D7-97B7-CF956D527BA4}"
EndProject
Project("{9A19103F-16F7-4668-BE54-9A1E7A4F7556}") = "Useful_training.Core.Neural_network.Neural_NetworkTests", "Useful_training.Core.Neural_network.Neural_NetworkTests\Useful_training.Core.Neural_network.Neural_NetworkTests.csproj", "{90039625-BE54-47FB-A3F1-1F593130F93D}"
EndProject
Project("{2150E333-8FDC-42A3-9474-1A3956D46DE8}") = "Applicative", "Applicative", "{D874848D-0588-4746-A164-068BD9F2406E}"
EndProject
Project("{9A19103F-16F7-4668-BE54-9A1E7A4F7556}") = "ConsoleAdapter", "ConsoleAdapter\ConsoleAdapter.csproj", "{119C6A84-E090-4CDF-BB61-200508912DEE}"
EndProject
Project("{2150E333-8FDC-42A3-9474-1A3956D46DE8}") = "Infrastructure", "Infrastructure", "{296E8A07-834F-4CA0-BEEC-C4B5129AF131}"
EndProject
Project("{9A19103F-16F7-4668-BE54-9A1E7A4F7556}") = "FileManager", "FileManager\FileManager.csproj", "{41D71372-BB80-4293-9368-6C313B21F9D8}"
EndProject
Project("{FAE04EC0-301F-11D3-BF4B-00C04F79EFBC}") = "FileManagerTests", "FileManagerTests\FileManagerTests.csproj", "{CD4024E9-DD70-4487-80E4-7B5A1B6BA590}"
EndProject
Project("{FAE04EC0-301F-11D3-BF4B-00C04F79EFBC}") = "NeuralNetworkApi", "NeuralNetworkApi\NeuralNetworkApi.csproj", "{017DF3A5-A742-4BA4-B9C5-02B227A53A4E}"
EndProject
Project("{FAE04EC0-301F-11D3-BF4B-00C04F79EFBC}") = "NeuralNetworkApi.Tests", "NeuralNetworkApi.Tests\NeuralNetworkApi.Tests.csproj", "{9DFE50C9-BA42-437E-B63C-3CD97B132DFD}"
EndProject
Project("{2150E333-8FDC-42A3-9474-1A3956D46DE8}") = "FrontEnd", "FrontEnd", "{49B813CE-75B2-41A2-ADDB-985CA11182DE}"
EndProject
Project("{FAE04EC0-301F-11D3-BF4B-00C04F79EFBC}") = "FrontEnd", "FrontEnd\FrontEnd.csproj", "{7AE6D62E-3F93-4425-98F5-67DB8797CCE3}"
EndProject
Global
	GlobalSection(SolutionConfigurationPlatforms) = preSolution
		Debug|Any CPU = Debug|Any CPU
		Release|Any CPU = Release|Any CPU
	EndGlobalSection
	GlobalSection(ProjectConfigurationPlatforms) = postSolution
		{623E4970-F91E-4B40-8AB7-1A38DC14AEFA}.Debug|Any CPU.ActiveCfg = Debug|Any CPU
		{623E4970-F91E-4B40-8AB7-1A38DC14AEFA}.Debug|Any CPU.Build.0 = Debug|Any CPU
		{623E4970-F91E-4B40-8AB7-1A38DC14AEFA}.Release|Any CPU.ActiveCfg = Release|Any CPU
		{623E4970-F91E-4B40-8AB7-1A38DC14AEFA}.Release|Any CPU.Build.0 = Release|Any CPU
		{90039625-BE54-47FB-A3F1-1F593130F93D}.Debug|Any CPU.ActiveCfg = Debug|Any CPU
		{90039625-BE54-47FB-A3F1-1F593130F93D}.Debug|Any CPU.Build.0 = Debug|Any CPU
		{90039625-BE54-47FB-A3F1-1F593130F93D}.Release|Any CPU.ActiveCfg = Release|Any CPU
		{90039625-BE54-47FB-A3F1-1F593130F93D}.Release|Any CPU.Build.0 = Release|Any CPU
		{119C6A84-E090-4CDF-BB61-200508912DEE}.Debug|Any CPU.ActiveCfg = Debug|Any CPU
		{119C6A84-E090-4CDF-BB61-200508912DEE}.Debug|Any CPU.Build.0 = Debug|Any CPU
		{119C6A84-E090-4CDF-BB61-200508912DEE}.Release|Any CPU.ActiveCfg = Release|Any CPU
		{119C6A84-E090-4CDF-BB61-200508912DEE}.Release|Any CPU.Build.0 = Release|Any CPU
		{41D71372-BB80-4293-9368-6C313B21F9D8}.Debug|Any CPU.ActiveCfg = Debug|Any CPU
		{41D71372-BB80-4293-9368-6C313B21F9D8}.Debug|Any CPU.Build.0 = Debug|Any CPU
		{41D71372-BB80-4293-9368-6C313B21F9D8}.Release|Any CPU.ActiveCfg = Release|Any CPU
		{41D71372-BB80-4293-9368-6C313B21F9D8}.Release|Any CPU.Build.0 = Release|Any CPU
		{CD4024E9-DD70-4487-80E4-7B5A1B6BA590}.Debug|Any CPU.ActiveCfg = Debug|Any CPU
		{CD4024E9-DD70-4487-80E4-7B5A1B6BA590}.Debug|Any CPU.Build.0 = Debug|Any CPU
		{CD4024E9-DD70-4487-80E4-7B5A1B6BA590}.Release|Any CPU.ActiveCfg = Release|Any CPU
		{CD4024E9-DD70-4487-80E4-7B5A1B6BA590}.Release|Any CPU.Build.0 = Release|Any CPU
		{017DF3A5-A742-4BA4-B9C5-02B227A53A4E}.Debug|Any CPU.ActiveCfg = Debug|Any CPU
		{017DF3A5-A742-4BA4-B9C5-02B227A53A4E}.Debug|Any CPU.Build.0 = Debug|Any CPU
		{017DF3A5-A742-4BA4-B9C5-02B227A53A4E}.Release|Any CPU.ActiveCfg = Release|Any CPU
		{017DF3A5-A742-4BA4-B9C5-02B227A53A4E}.Release|Any CPU.Build.0 = Release|Any CPU
		{9DFE50C9-BA42-437E-B63C-3CD97B132DFD}.Debug|Any CPU.ActiveCfg = Debug|Any CPU
		{9DFE50C9-BA42-437E-B63C-3CD97B132DFD}.Debug|Any CPU.Build.0 = Debug|Any CPU
		{9DFE50C9-BA42-437E-B63C-3CD97B132DFD}.Release|Any CPU.ActiveCfg = Release|Any CPU
		{9DFE50C9-BA42-437E-B63C-3CD97B132DFD}.Release|Any CPU.Build.0 = Release|Any CPU
		{7AE6D62E-3F93-4425-98F5-67DB8797CCE3}.Debug|Any CPU.ActiveCfg = Debug|Any CPU
		{7AE6D62E-3F93-4425-98F5-67DB8797CCE3}.Debug|Any CPU.Build.0 = Debug|Any CPU
		{7AE6D62E-3F93-4425-98F5-67DB8797CCE3}.Release|Any CPU.ActiveCfg = Release|Any CPU
		{7AE6D62E-3F93-4425-98F5-67DB8797CCE3}.Release|Any CPU.Build.0 = Release|Any CPU
	EndGlobalSection
	GlobalSection(SolutionProperties) = preSolution
		HideSolutionNode = FALSE
	EndGlobalSection
	GlobalSection(NestedProjects) = preSolution
		{73FFFFB0-89EA-42E8-8984-BF57FD5B62FA} = {2994F7CC-75A6-40E9-9F24-FE66B97E451F}
		{623E4970-F91E-4B40-8AB7-1A38DC14AEFA} = {73FFFFB0-89EA-42E8-8984-BF57FD5B62FA}
		{44BE5F6F-D7EF-41D7-97B7-CF956D527BA4} = {2994F7CC-75A6-40E9-9F24-FE66B97E451F}
		{90039625-BE54-47FB-A3F1-1F593130F93D} = {44BE5F6F-D7EF-41D7-97B7-CF956D527BA4}
		{119C6A84-E090-4CDF-BB61-200508912DEE} = {D874848D-0588-4746-A164-068BD9F2406E}
		{41D71372-BB80-4293-9368-6C313B21F9D8} = {296E8A07-834F-4CA0-BEEC-C4B5129AF131}
		{CD4024E9-DD70-4487-80E4-7B5A1B6BA590} = {296E8A07-834F-4CA0-BEEC-C4B5129AF131}
		{017DF3A5-A742-4BA4-B9C5-02B227A53A4E} = {D874848D-0588-4746-A164-068BD9F2406E}
		{9DFE50C9-BA42-437E-B63C-3CD97B132DFD} = {D874848D-0588-4746-A164-068BD9F2406E}
		{7AE6D62E-3F93-4425-98F5-67DB8797CCE3} = {49B813CE-75B2-41A2-ADDB-985CA11182DE}
	EndGlobalSection
	GlobalSection(ExtensibilityGlobals) = postSolution
		SolutionGuid = {1A962DBA-2B88-4A77-B8B8-11EBAE54F8B9}
	EndGlobalSection
EndGlobal
